
Microsoft Visual Studio Solution File, Format Version 12.00
# Visual Studio Version 16
VisualStudioVersion = 16.0.31624.102
MinimumVisualStudioVersion = 10.0.40219.1
Project("{9A19103F-16F7-4668-BE54-9A1E7A4F7556}") = "lab2", "lab2\lab2.csproj", "{FEB45456-65A4-49C2-A2E1-7AFD4515D96F}"
EndProject
Project("{FAE04EC0-301F-11D3-BF4B-00C04F79EFBC}") = "BLL", "BLL\BLL.csproj", "{2C2E23C4-3F95-48B4-B265-9C9889E1BBC7}"
EndProject
Project("{FAE04EC0-301F-11D3-BF4B-00C04F79EFBC}") = "Test", "Test\Test.csproj", "{BDF64DAE-047F-46D4-BA72-DE30B20C7624}"
EndProject
Global
	GlobalSection(SolutionConfigurationPlatforms) = preSolution
		Debug|Any CPU = Debug|Any CPU
		Release|Any CPU = Release|Any CPU
	EndGlobalSection
	GlobalSection(ProjectConfigurationPlatforms) = postSolution
		{FEB45456-65A4-49C2-A2E1-7AFD4515D96F}.Debug|Any CPU.ActiveCfg = Debug|Any CPU
		{FEB45456-65A4-49C2-A2E1-7AFD4515D96F}.Debug|Any CPU.Build.0 = Debug|Any CPU
		{FEB45456-65A4-49C2-A2E1-7AFD4515D96F}.Release|Any CPU.ActiveCfg = Release|Any CPU
		{FEB45456-65A4-49C2-A2E1-7AFD4515D96F}.Release|Any CPU.Build.0 = Release|Any CPU
		{2C2E23C4-3F95-48B4-B265-9C9889E1BBC7}.Debug|Any CPU.ActiveCfg = Debug|Any CPU
		{2C2E23C4-3F95-48B4-B265-9C9889E1BBC7}.Debug|Any CPU.Build.0 = Debug|Any CPU
		{2C2E23C4-3F95-48B4-B265-9C9889E1BBC7}.Release|Any CPU.ActiveCfg = Release|Any CPU
		{2C2E23C4-3F95-48B4-B265-9C9889E1BBC7}.Release|Any CPU.Build.0 = Release|Any CPU
		{BDF64DAE-047F-46D4-BA72-DE30B20C7624}.Debug|Any CPU.ActiveCfg = Debug|Any CPU
		{BDF64DAE-047F-46D4-BA72-DE30B20C7624}.Debug|Any CPU.Build.0 = Debug|Any CPU
		{BDF64DAE-047F-46D4-BA72-DE30B20C7624}.Release|Any CPU.ActiveCfg = Release|Any CPU
		{BDF64DAE-047F-46D4-BA72-DE30B20C7624}.Release|Any CPU.Build.0 = Release|Any CPU
	EndGlobalSection
	GlobalSection(SolutionProperties) = preSolution
		HideSolutionNode = FALSE
	EndGlobalSection
	GlobalSection(ExtensibilityGlobals) = postSolution
		SolutionGuid = {2D9B02EE-E9B4-4AEE-82DE-A1969608374E}
	EndGlobalSection
EndGlobal
